
Microsoft Visual Studio Solution File, Format Version 12.00
# Visual Studio Version 17
VisualStudioVersion = 17.9.34622.214
MinimumVisualStudioVersion = 10.0.40219.1
Project("{FAE04EC0-301F-11D3-BF4B-00C04F79EFBC}") = "AtmApp", "AtmApp\AtmApp.csproj", "{FEFFBF45-9D6A-4D4E-8968-18706D4AB907}"
EndProject
Global
	GlobalSection(SolutionConfigurationPlatforms) = preSolution
		Debug|Any CPU = Debug|Any CPU
		Release|Any CPU = Release|Any CPU
	EndGlobalSection
	GlobalSection(ProjectConfigurationPlatforms) = postSolution
		{FEFFBF45-9D6A-4D4E-8968-18706D4AB907}.Debug|Any CPU.ActiveCfg = Debug|Any CPU
		{FEFFBF45-9D6A-4D4E-8968-18706D4AB907}.Debug|Any CPU.Build.0 = Debug|Any CPU
		{FEFFBF45-9D6A-4D4E-8968-18706D4AB907}.Release|Any CPU.ActiveCfg = Release|Any CPU
		{FEFFBF45-9D6A-4D4E-8968-18706D4AB907}.Release|Any CPU.Build.0 = Release|Any CPU
	EndGlobalSection
	GlobalSection(SolutionProperties) = preSolution
		HideSolutionNode = FALSE
	EndGlobalSection
	GlobalSection(ExtensibilityGlobals) = postSolution
		SolutionGuid = {E503763D-D1A9-49AE-9E22-A7CE3ECC8CD5}
	EndGlobalSection
EndGlobal
